
Microsoft Visual Studio Solution File, Format Version 12.00
# Visual Studio Version 16
VisualStudioVersion = 16.0.30523.141
MinimumVisualStudioVersion = 10.0.40219.1
Project("{9A19103F-16F7-4668-BE54-9A1E7A4F7556}") = "Data.Models", "Data\Data.Models\Data.Models.csproj", "{DBFE999C-0A2B-4BFB-BE46-2526A2BE7985}"
EndProject
Project("{9A19103F-16F7-4668-BE54-9A1E7A4F7556}") = "TestConsole", "TestConsole\TestConsole.csproj", "{5D51F13F-4BCC-4DA1-8E33-7935AABBA64D}"
EndProject
Project("{9A19103F-16F7-4668-BE54-9A1E7A4F7556}") = "Data.Services", "Data\Data.Services\Data.Services.csproj", "{E3AE6950-72F0-4357-AC4B-021B33FE33F1}"
EndProject
Project("{9A19103F-16F7-4668-BE54-9A1E7A4F7556}") = "Data.DataConnection", "Data\Data.DataConnection\Data.DataConnection.csproj", "{50985118-959E-474F-BD42-548E54D4BF6F}"
EndProject
Global
	GlobalSection(SolutionConfigurationPlatforms) = preSolution
		Debug|Any CPU = Debug|Any CPU
		Release|Any CPU = Release|Any CPU
	EndGlobalSection
	GlobalSection(ProjectConfigurationPlatforms) = postSolution
		{DBFE999C-0A2B-4BFB-BE46-2526A2BE7985}.Debug|Any CPU.ActiveCfg = Debug|Any CPU
		{DBFE999C-0A2B-4BFB-BE46-2526A2BE7985}.Debug|Any CPU.Build.0 = Debug|Any CPU
		{DBFE999C-0A2B-4BFB-BE46-2526A2BE7985}.Release|Any CPU.ActiveCfg = Release|Any CPU
		{DBFE999C-0A2B-4BFB-BE46-2526A2BE7985}.Release|Any CPU.Build.0 = Release|Any CPU
		{5D51F13F-4BCC-4DA1-8E33-7935AABBA64D}.Debug|Any CPU.ActiveCfg = Debug|Any CPU
		{5D51F13F-4BCC-4DA1-8E33-7935AABBA64D}.Debug|Any CPU.Build.0 = Debug|Any CPU
		{5D51F13F-4BCC-4DA1-8E33-7935AABBA64D}.Release|Any CPU.ActiveCfg = Release|Any CPU
		{5D51F13F-4BCC-4DA1-8E33-7935AABBA64D}.Release|Any CPU.Build.0 = Release|Any CPU
		{E3AE6950-72F0-4357-AC4B-021B33FE33F1}.Debug|Any CPU.ActiveCfg = Debug|Any CPU
		{E3AE6950-72F0-4357-AC4B-021B33FE33F1}.Debug|Any CPU.Build.0 = Debug|Any CPU
		{E3AE6950-72F0-4357-AC4B-021B33FE33F1}.Release|Any CPU.ActiveCfg = Release|Any CPU
		{E3AE6950-72F0-4357-AC4B-021B33FE33F1}.Release|Any CPU.Build.0 = Release|Any CPU
		{50985118-959E-474F-BD42-548E54D4BF6F}.Debug|Any CPU.ActiveCfg = Debug|Any CPU
		{50985118-959E-474F-BD42-548E54D4BF6F}.Debug|Any CPU.Build.0 = Debug|Any CPU
		{50985118-959E-474F-BD42-548E54D4BF6F}.Release|Any CPU.ActiveCfg = Release|Any CPU
		{50985118-959E-474F-BD42-548E54D4BF6F}.Release|Any CPU.Build.0 = Release|Any CPU
	EndGlobalSection
	GlobalSection(SolutionProperties) = preSolution
		HideSolutionNode = FALSE
	EndGlobalSection
	GlobalSection(ExtensibilityGlobals) = postSolution
		SolutionGuid = {95754DE4-5E9C-4E55-B951-F5B71D280D60}
	EndGlobalSection
EndGlobal
